// !$*UTF8*$!
{
	archiveVersion = 1;
	classes = {
	};
	objectVersion = 51;
	objects = {

/* Begin PBXBuildFile section */
		CE726B2CC4D9993B7BA7C76F /* Pods_DiffTableDirector_Example.framework in Frameworks */ = {isa = PBXBuildFile; fileRef = 5594A3BB2CF0AFB2EFB897C3 /* Pods_DiffTableDirector_Example.framework */; };
		E222486824BE59E50025BA12 /* DropShadowViewController.swift in Sources */ = {isa = PBXBuildFile; fileRef = E222486724BE59E50025BA12 /* DropShadowViewController.swift */; };
		E223CA27249CD77700463256 /* StoryboardViewController.swift in Sources */ = {isa = PBXBuildFile; fileRef = E223CA1C249CD77700463256 /* StoryboardViewController.swift */; };
		E223CA28249CD77700463256 /* FeedCell.xib in Resources */ = {isa = PBXBuildFile; fileRef = E223CA1D249CD77700463256 /* FeedCell.xib */; };
		E223CA2A249CD77700463256 /* RecoverableButton.swift in Sources */ = {isa = PBXBuildFile; fileRef = E223CA1F249CD77700463256 /* RecoverableButton.swift */; };
		E223CA2B249CD77700463256 /* TitleHeaderFooterView.swift in Sources */ = {isa = PBXBuildFile; fileRef = E223CA20249CD77700463256 /* TitleHeaderFooterView.swift */; };
		E223CA2C249CD77700463256 /* Images.xcassets in Resources */ = {isa = PBXBuildFile; fileRef = E223CA21249CD77700463256 /* Images.xcassets */; };
		E223CA2D249CD77700463256 /* TouchUpButton.swift in Sources */ = {isa = PBXBuildFile; fileRef = E223CA22249CD77700463256 /* TouchUpButton.swift */; };
		E223CA2E249CD77700463256 /* FeedViewModel.swift in Sources */ = {isa = PBXBuildFile; fileRef = E223CA23249CD77700463256 /* FeedViewModel.swift */; };
		E223CA2F249CD77700463256 /* FeedModel.swift in Sources */ = {isa = PBXBuildFile; fileRef = E223CA24249CD77700463256 /* FeedModel.swift */; };
		E223CA30249CD77700463256 /* FeedCell.swift in Sources */ = {isa = PBXBuildFile; fileRef = E223CA25249CD77700463256 /* FeedCell.swift */; };
		E223CA31249CD77700463256 /* ErrorView.swift in Sources */ = {isa = PBXBuildFile; fileRef = E223CA26249CD77700463256 /* ErrorView.swift */; };
		E223CA35249CD78600463256 /* InfoModel.swift in Sources */ = {isa = PBXBuildFile; fileRef = E223CA32249CD78600463256 /* InfoModel.swift */; };
		E223CA36249CD78600463256 /* InfoViewModel.swift in Sources */ = {isa = PBXBuildFile; fileRef = E223CA33249CD78600463256 /* InfoViewModel.swift */; };
		E223CA37249CD78600463256 /* InfoCell.swift in Sources */ = {isa = PBXBuildFile; fileRef = E223CA34249CD78600463256 /* InfoCell.swift */; };
		E223CA3E249CD78D00463256 /* ButtonCornerRadiusable.swift in Sources */ = {isa = PBXBuildFile; fileRef = E223CA39249CD78D00463256 /* ButtonCornerRadiusable.swift */; };
		E223CA40249CD78D00463256 /* CodeViewController.swift in Sources */ = {isa = PBXBuildFile; fileRef = E223CA3B249CD78D00463256 /* CodeViewController.swift */; };
		E223CA41249CD78D00463256 /* CellPressable.swift in Sources */ = {isa = PBXBuildFile; fileRef = E223CA3C249CD78D00463256 /* CellPressable.swift */; };
		E223CA43249CD79100463256 /* AppDelegate.swift in Sources */ = {isa = PBXBuildFile; fileRef = E223CA42249CD79100463256 /* AppDelegate.swift */; };
		E223CA46249CD79700463256 /* LaunchScreen.xib in Resources */ = {isa = PBXBuildFile; fileRef = E223CA44249CD79700463256 /* LaunchScreen.xib */; };
		E223CA4C249CD91B00463256 /* Main.storyboard in Resources */ = {isa = PBXBuildFile; fileRef = E223CA4A249CD91B00463256 /* Main.storyboard */; };
		E2AF13C7256D59F400D807C6 /* DiffTableDirector.podspec in Resources */ = {isa = PBXBuildFile; fileRef = E2AF13C6256D59F400D807C6 /* DiffTableDirector.podspec */; };
		E2FFDF8E24BB005200CF021F /* BottomPaginationController.swift in Sources */ = {isa = PBXBuildFile; fileRef = E2FFDF8D24BB005200CF021F /* BottomPaginationController.swift */; };
		E2FFDF9024BB026100CF021F /* PullToRefreshController.swift in Sources */ = {isa = PBXBuildFile; fileRef = E2FFDF8F24BB026100CF021F /* PullToRefreshController.swift */; };
		E2FFDF9224BB02C200CF021F /* CoverViewController.swift in Sources */ = {isa = PBXBuildFile; fileRef = E2FFDF9124BB02C200CF021F /* CoverViewController.swift */; };
		E2FFDF9424BB03CD00CF021F /* DiffViewController.swift in Sources */ = {isa = PBXBuildFile; fileRef = E2FFDF9324BB03CD00CF021F /* DiffViewController.swift */; };
		E2FFDF9724BB06E000CF021F /* SelectFeatureViewController.swift in Sources */ = {isa = PBXBuildFile; fileRef = E2FFDF9624BB06E000CF021F /* SelectFeatureViewController.swift */; };
/* End PBXBuildFile section */

/* Begin PBXFileReference section */
		5594A3BB2CF0AFB2EFB897C3 /* Pods_DiffTableDirector_Example.framework */ = {isa = PBXFileReference; explicitFileType = wrapper.framework; includeInIndex = 0; path = Pods_DiffTableDirector_Example.framework; sourceTree = BUILT_PRODUCTS_DIR; };
		B637C752C9DDEE745B261F48 /* Pods-DiffTableDirector_Example.release.xcconfig */ = {isa = PBXFileReference; includeInIndex = 1; lastKnownFileType = text.xcconfig; name = "Pods-DiffTableDirector_Example.release.xcconfig"; path = "Target Support Files/Pods-DiffTableDirector_Example/Pods-DiffTableDirector_Example.release.xcconfig"; sourceTree = "<group>"; };
		DADC30F3EEDB105DAD3C1171 /* Pods-DiffTableDirector_Example.debug.xcconfig */ = {isa = PBXFileReference; includeInIndex = 1; lastKnownFileType = text.xcconfig; name = "Pods-DiffTableDirector_Example.debug.xcconfig"; path = "Target Support Files/Pods-DiffTableDirector_Example/Pods-DiffTableDirector_Example.debug.xcconfig"; sourceTree = "<group>"; };
		E222486724BE59E50025BA12 /* DropShadowViewController.swift */ = {isa = PBXFileReference; lastKnownFileType = sourcecode.swift; path = DropShadowViewController.swift; sourceTree = "<group>"; };
		E223CA05249CD70C00463256 /* DiffTableDirector_Example.app */ = {isa = PBXFileReference; explicitFileType = wrapper.application; includeInIndex = 0; path = DiffTableDirector_Example.app; sourceTree = BUILT_PRODUCTS_DIR; };
		E223CA16249CD70F00463256 /* Info.plist */ = {isa = PBXFileReference; lastKnownFileType = text.plist.xml; path = Info.plist; sourceTree = "<group>"; };
		E223CA1C249CD77700463256 /* StoryboardViewController.swift */ = {isa = PBXFileReference; fileEncoding = 4; lastKnownFileType = sourcecode.swift; path = StoryboardViewController.swift; sourceTree = "<group>"; };
		E223CA1D249CD77700463256 /* FeedCell.xib */ = {isa = PBXFileReference; fileEncoding = 4; lastKnownFileType = file.xib; path = FeedCell.xib; sourceTree = "<group>"; };
		E223CA1F249CD77700463256 /* RecoverableButton.swift */ = {isa = PBXFileReference; fileEncoding = 4; lastKnownFileType = sourcecode.swift; path = RecoverableButton.swift; sourceTree = "<group>"; };
		E223CA20249CD77700463256 /* TitleHeaderFooterView.swift */ = {isa = PBXFileReference; fileEncoding = 4; lastKnownFileType = sourcecode.swift; path = TitleHeaderFooterView.swift; sourceTree = "<group>"; };
		E223CA21249CD77700463256 /* Images.xcassets */ = {isa = PBXFileReference; lastKnownFileType = folder.assetcatalog; path = Images.xcassets; sourceTree = "<group>"; };
		E223CA22249CD77700463256 /* TouchUpButton.swift */ = {isa = PBXFileReference; fileEncoding = 4; lastKnownFileType = sourcecode.swift; path = TouchUpButton.swift; sourceTree = "<group>"; };
		E223CA23249CD77700463256 /* FeedViewModel.swift */ = {isa = PBXFileReference; fileEncoding = 4; lastKnownFileType = sourcecode.swift; path = FeedViewModel.swift; sourceTree = "<group>"; };
		E223CA24249CD77700463256 /* FeedModel.swift */ = {isa = PBXFileReference; fileEncoding = 4; lastKnownFileType = sourcecode.swift; path = FeedModel.swift; sourceTree = "<group>"; };
		E223CA25249CD77700463256 /* FeedCell.swift */ = {isa = PBXFileReference; fileEncoding = 4; lastKnownFileType = sourcecode.swift; path = FeedCell.swift; sourceTree = "<group>"; };
		E223CA26249CD77700463256 /* ErrorView.swift */ = {isa = PBXFileReference; fileEncoding = 4; lastKnownFileType = sourcecode.swift; path = ErrorView.swift; sourceTree = "<group>"; };
		E223CA32249CD78600463256 /* InfoModel.swift */ = {isa = PBXFileReference; fileEncoding = 4; lastKnownFileType = sourcecode.swift; path = InfoModel.swift; sourceTree = "<group>"; };
		E223CA33249CD78600463256 /* InfoViewModel.swift */ = {isa = PBXFileReference; fileEncoding = 4; lastKnownFileType = sourcecode.swift; path = InfoViewModel.swift; sourceTree = "<group>"; };
		E223CA34249CD78600463256 /* InfoCell.swift */ = {isa = PBXFileReference; fileEncoding = 4; lastKnownFileType = sourcecode.swift; path = InfoCell.swift; sourceTree = "<group>"; };
		E223CA39249CD78D00463256 /* ButtonCornerRadiusable.swift */ = {isa = PBXFileReference; fileEncoding = 4; lastKnownFileType = sourcecode.swift; path = ButtonCornerRadiusable.swift; sourceTree = "<group>"; };
		E223CA3B249CD78D00463256 /* CodeViewController.swift */ = {isa = PBXFileReference; fileEncoding = 4; lastKnownFileType = sourcecode.swift; path = CodeViewController.swift; sourceTree = "<group>"; };
		E223CA3C249CD78D00463256 /* CellPressable.swift */ = {isa = PBXFileReference; fileEncoding = 4; lastKnownFileType = sourcecode.swift; path = CellPressable.swift; sourceTree = "<group>"; };
		E223CA42249CD79100463256 /* AppDelegate.swift */ = {isa = PBXFileReference; fileEncoding = 4; lastKnownFileType = sourcecode.swift; path = AppDelegate.swift; sourceTree = "<group>"; };
		E223CA45249CD79700463256 /* Base */ = {isa = PBXFileReference; lastKnownFileType = file.xib; name = Base; path = Base.lproj/LaunchScreen.xib; sourceTree = "<group>"; };
		E223CA4B249CD91B00463256 /* Base */ = {isa = PBXFileReference; lastKnownFileType = file.storyboard; name = Base; path = Base.lproj/Main.storyboard; sourceTree = "<group>"; };
		E2AF13C6256D59F400D807C6 /* DiffTableDirector.podspec */ = {isa = PBXFileReference; fileEncoding = 4; lastKnownFileType = text; name = DiffTableDirector.podspec; path = ../DiffTableDirector.podspec; sourceTree = "<group>"; };
		E2FFDF8D24BB005200CF021F /* BottomPaginationController.swift */ = {isa = PBXFileReference; lastKnownFileType = sourcecode.swift; path = BottomPaginationController.swift; sourceTree = "<group>"; };
		E2FFDF8F24BB026100CF021F /* PullToRefreshController.swift */ = {isa = PBXFileReference; lastKnownFileType = sourcecode.swift; path = PullToRefreshController.swift; sourceTree = "<group>"; };
		E2FFDF9124BB02C200CF021F /* CoverViewController.swift */ = {isa = PBXFileReference; lastKnownFileType = sourcecode.swift; path = CoverViewController.swift; sourceTree = "<group>"; };
		E2FFDF9324BB03CD00CF021F /* DiffViewController.swift */ = {isa = PBXFileReference; lastKnownFileType = sourcecode.swift; path = DiffViewController.swift; sourceTree = "<group>"; };
		E2FFDF9624BB06E000CF021F /* SelectFeatureViewController.swift */ = {isa = PBXFileReference; lastKnownFileType = sourcecode.swift; path = SelectFeatureViewController.swift; sourceTree = "<group>"; };
/* End PBXFileReference section */

/* Begin PBXFrameworksBuildPhase section */
		E223CA02249CD70C00463256 /* Frameworks */ = {
			isa = PBXFrameworksBuildPhase;
			buildActionMask = 2147483647;
			files = (
				CE726B2CC4D9993B7BA7C76F /* Pods_DiffTableDirector_Example.framework in Frameworks */,
			);
			runOnlyForDeploymentPostprocessing = 0;
		};
/* End PBXFrameworksBuildPhase section */

/* Begin PBXGroup section */
		0F3A74094DD3D8C47FB80848 /* Frameworks */ = {
			isa = PBXGroup;
			children = (
				5594A3BB2CF0AFB2EFB897C3 /* Pods_DiffTableDirector_Example.framework */,
			);
			name = Frameworks;
			sourceTree = "<group>";
		};
		65C922240B76A186DB28705D /* Pods */ = {
			isa = PBXGroup;
			children = (
				DADC30F3EEDB105DAD3C1171 /* Pods-DiffTableDirector_Example.debug.xcconfig */,
				B637C752C9DDEE745B261F48 /* Pods-DiffTableDirector_Example.release.xcconfig */,
			);
			path = Pods;
			sourceTree = "<group>";
		};
		E223C9FC249CD70C00463256 = {
			isa = PBXGroup;
			children = (
				E2AF13C6256D59F400D807C6 /* DiffTableDirector.podspec */,
				E223CA07249CD70C00463256 /* DiffTableDirector_Example */,
				E223CA06249CD70C00463256 /* Products */,
				65C922240B76A186DB28705D /* Pods */,
				0F3A74094DD3D8C47FB80848 /* Frameworks */,
			);
			sourceTree = "<group>";
		};
		E223CA06249CD70C00463256 /* Products */ = {
			isa = PBXGroup;
			children = (
				E223CA05249CD70C00463256 /* DiffTableDirector_Example.app */,
			);
			name = Products;
			sourceTree = "<group>";
		};
		E223CA07249CD70C00463256 /* DiffTableDirector_Example */ = {
			isa = PBXGroup;
			children = (
				E223CA16249CD70F00463256 /* Info.plist */,
				E23F9CC424B3C0FE00B7F885 /* Model Layer */,
				E23F9CBF24B3C0C400B7F885 /* App Layer */,
				E23F9CBE24B3C0BA00B7F885 /* UI Layer */,
			);
			path = DiffTableDirector_Example;
			sourceTree = "<group>";
		};
		E23F9CBB24B3C08B00B7F885 /* Cells */ = {
			isa = PBXGroup;
			children = (
				E23F9CBD24B3C0AB00B7F885 /* Info */,
				E23F9CBC24B3C0A100B7F885 /* Feed */,
			);
			path = Cells;
			sourceTree = "<group>";
		};
		E23F9CBC24B3C0A100B7F885 /* Feed */ = {
			isa = PBXGroup;
			children = (
				E223CA23249CD77700463256 /* FeedViewModel.swift */,
				E223CA25249CD77700463256 /* FeedCell.swift */,
				E223CA1D249CD77700463256 /* FeedCell.xib */,
			);
			path = Feed;
			sourceTree = "<group>";
		};
		E23F9CBD24B3C0AB00B7F885 /* Info */ = {
			isa = PBXGroup;
			children = (
				E223CA34249CD78600463256 /* InfoCell.swift */,
				E223CA33249CD78600463256 /* InfoViewModel.swift */,
			);
			path = Info;
			sourceTree = "<group>";
		};
		E23F9CBE24B3C0BA00B7F885 /* UI Layer */ = {
			isa = PBXGroup;
			children = (
				E2FFDF8724BAFD8B00CF021F /* Screens */,
				E223CA4A249CD91B00463256 /* Main.storyboard */,
				E23F9CC524B3C11A00B7F885 /* Elements */,
				E23F9CBB24B3C08B00B7F885 /* Cells */,
				E23F9CC224B3C0E200B7F885 /* Error */,
			);
			path = "UI Layer";
			sourceTree = "<group>";
		};
		E23F9CBF24B3C0C400B7F885 /* App Layer */ = {
			isa = PBXGroup;
			children = (
				E223CA21249CD77700463256 /* Images.xcassets */,
				E223CA42249CD79100463256 /* AppDelegate.swift */,
			);
			path = "App Layer";
			sourceTree = "<group>";
		};
		E23F9CC024B3C0CE00B7F885 /* BaseSoryboard */ = {
			isa = PBXGroup;
			children = (
				E223CA1C249CD77700463256 /* StoryboardViewController.swift */,
			);
			path = BaseSoryboard;
			sourceTree = "<group>";
		};
		E23F9CC124B3C0D900B7F885 /* BaseCode */ = {
			isa = PBXGroup;
			children = (
				E223CA3B249CD78D00463256 /* CodeViewController.swift */,
			);
			path = BaseCode;
			sourceTree = "<group>";
		};
		E23F9CC224B3C0E200B7F885 /* Error */ = {
			isa = PBXGroup;
			children = (
				E223CA26249CD77700463256 /* ErrorView.swift */,
			);
			path = Error;
			sourceTree = "<group>";
		};
		E23F9CC324B3C0EF00B7F885 /* Launch */ = {
			isa = PBXGroup;
			children = (
				E223CA44249CD79700463256 /* LaunchScreen.xib */,
			);
			path = Launch;
			sourceTree = "<group>";
		};
		E23F9CC424B3C0FE00B7F885 /* Model Layer */ = {
			isa = PBXGroup;
			children = (
				E223CA24249CD77700463256 /* FeedModel.swift */,
				E223CA32249CD78600463256 /* InfoModel.swift */,
			);
			path = "Model Layer";
			sourceTree = "<group>";
		};
		E23F9CC524B3C11A00B7F885 /* Elements */ = {
			isa = PBXGroup;
			children = (
				E223CA39249CD78D00463256 /* ButtonCornerRadiusable.swift */,
				E223CA3C249CD78D00463256 /* CellPressable.swift */,
				E223CA1F249CD77700463256 /* RecoverableButton.swift */,
				E223CA20249CD77700463256 /* TitleHeaderFooterView.swift */,
				E223CA22249CD77700463256 /* TouchUpButton.swift */,
			);
			path = Elements;
			sourceTree = "<group>";
		};
		E2FFDF8724BAFD8B00CF021F /* Screens */ = {
			isa = PBXGroup;
			children = (
				E2FFDF9524BB06CC00CF021F /* SelectFeatureViewController */,
				E2FFDF8C24BB003100CF021F /* Diff */,
				E2FFDF8B24BAFEB800CF021F /* Dropw shadow on bounds Cross */,
				E2FFDF8A24BAFEAA00CF021F /* CoverView */,
				E2FFDF8924BAFDC200CF021F /* Pull to refresh */,
				E2FFDF8824BAFDBC00CF021F /* Pagination */,
				E23F9CC324B3C0EF00B7F885 /* Launch */,
				E23F9CC024B3C0CE00B7F885 /* BaseSoryboard */,
				E23F9CC124B3C0D900B7F885 /* BaseCode */,
			);
			path = Screens;
			sourceTree = "<group>";
		};
		E2FFDF8824BAFDBC00CF021F /* Pagination */ = {
			isa = PBXGroup;
			children = (
				E2FFDF8D24BB005200CF021F /* BottomPaginationController.swift */,
			);
			path = Pagination;
			sourceTree = "<group>";
		};
		E2FFDF8924BAFDC200CF021F /* Pull to refresh */ = {
			isa = PBXGroup;
			children = (
				E2FFDF8F24BB026100CF021F /* PullToRefreshController.swift */,
			);
			path = "Pull to refresh";
			sourceTree = "<group>";
		};
		E2FFDF8A24BAFEAA00CF021F /* CoverView */ = {
			isa = PBXGroup;
			children = (
				E2FFDF9124BB02C200CF021F /* CoverViewController.swift */,
			);
			path = CoverView;
			sourceTree = "<group>";
		};
		E2FFDF8B24BAFEB800CF021F /* Dropw shadow on bounds Cross */ = {
			isa = PBXGroup;
			children = (
				E222486724BE59E50025BA12 /* DropShadowViewController.swift */,
			);
			path = "Dropw shadow on bounds Cross";
			sourceTree = "<group>";
		};
		E2FFDF8C24BB003100CF021F /* Diff */ = {
			isa = PBXGroup;
			children = (
				E2FFDF9324BB03CD00CF021F /* DiffViewController.swift */,
			);
			path = Diff;
			sourceTree = "<group>";
		};
		E2FFDF9524BB06CC00CF021F /* SelectFeatureViewController */ = {
			isa = PBXGroup;
			children = (
				E2FFDF9624BB06E000CF021F /* SelectFeatureViewController.swift */,
			);
			path = SelectFeatureViewController;
			sourceTree = "<group>";
		};
/* End PBXGroup section */

/* Begin PBXNativeTarget section */
		E223CA04249CD70C00463256 /* DiffTableDirector_Example */ = {
			isa = PBXNativeTarget;
			buildConfigurationList = E223CA19249CD70F00463256 /* Build configuration list for PBXNativeTarget "DiffTableDirector_Example" */;
			buildPhases = (
				C38F7E87E07F37CE3182A239 /* [CP] Check Pods Manifest.lock */,
				E223CA01249CD70C00463256 /* Sources */,
				E223CA02249CD70C00463256 /* Frameworks */,
				E223CA03249CD70C00463256 /* Resources */,
				AEF79A2E704036474D8BDBD1 /* [CP] Embed Pods Frameworks */,
			);
			buildRules = (
			);
			dependencies = (
			);
			name = DiffTableDirector_Example;
			productName = DiffTableDirector_Example;
			productReference = E223CA05249CD70C00463256 /* DiffTableDirector_Example.app */;
			productType = "com.apple.product-type.application";
		};
/* End PBXNativeTarget section */

/* Begin PBXProject section */
		E223C9FD249CD70C00463256 /* Project object */ = {
			isa = PBXProject;
			attributes = {
				LastSwiftUpdateCheck = 1150;
				LastUpgradeCheck = 1150;
				ORGANIZATIONNAME = "Aleksandr Lavrinenko";
				TargetAttributes = {
					E223CA04249CD70C00463256 = {
						CreatedOnToolsVersion = 11.5;
						LastSwiftMigration = 1150;
					};
				};
			};
			buildConfigurationList = E223CA00249CD70C00463256 /* Build configuration list for PBXProject "DiffTableDirector_Example" */;
			compatibilityVersion = "Xcode 9.3";
			developmentRegion = en;
			hasScannedForEncodings = 0;
			knownRegions = (
				en,
				Base,
			);
			mainGroup = E223C9FC249CD70C00463256;
			productRefGroup = E223CA06249CD70C00463256 /* Products */;
			projectDirPath = "";
			projectRoot = "";
			targets = (
				E223CA04249CD70C00463256 /* DiffTableDirector_Example */,
			);
		};
/* End PBXProject section */

/* Begin PBXResourcesBuildPhase section */
		E223CA03249CD70C00463256 /* Resources */ = {
			isa = PBXResourcesBuildPhase;
			buildActionMask = 2147483647;
			files = (
				E223CA2C249CD77700463256 /* Images.xcassets in Resources */,
				E223CA46249CD79700463256 /* LaunchScreen.xib in Resources */,
				E223CA28249CD77700463256 /* FeedCell.xib in Resources */,
				E2AF13C7256D59F400D807C6 /* DiffTableDirector.podspec in Resources */,
				E223CA4C249CD91B00463256 /* Main.storyboard in Resources */,
			);
			runOnlyForDeploymentPostprocessing = 0;
		};
/* End PBXResourcesBuildPhase section */

/* Begin PBXShellScriptBuildPhase section */
		AEF79A2E704036474D8BDBD1 /* [CP] Embed Pods Frameworks */ = {
			isa = PBXShellScriptBuildPhase;
			buildActionMask = 2147483647;
			files = (
			);
			inputFileListPaths = (
				"${PODS_ROOT}/Target Support Files/Pods-DiffTableDirector_Example/Pods-DiffTableDirector_Example-frameworks-${CONFIGURATION}-input-files.xcfilelist",
			);
			name = "[CP] Embed Pods Frameworks";
			outputFileListPaths = (
				"${PODS_ROOT}/Target Support Files/Pods-DiffTableDirector_Example/Pods-DiffTableDirector_Example-frameworks-${CONFIGURATION}-output-files.xcfilelist",
			);
			runOnlyForDeploymentPostprocessing = 0;
			shellPath = /bin/sh;
			shellScript = "\"${PODS_ROOT}/Target Support Files/Pods-DiffTableDirector_Example/Pods-DiffTableDirector_Example-frameworks.sh\"\n";
			showEnvVarsInLog = 0;
		};
		C38F7E87E07F37CE3182A239 /* [CP] Check Pods Manifest.lock */ = {
			isa = PBXShellScriptBuildPhase;
			buildActionMask = 2147483647;
			files = (
			);
			inputFileListPaths = (
			);
			inputPaths = (
				"${PODS_PODFILE_DIR_PATH}/Podfile.lock",
				"${PODS_ROOT}/Manifest.lock",
			);
			name = "[CP] Check Pods Manifest.lock";
			outputFileListPaths = (
			);
			outputPaths = (
				"$(DERIVED_FILE_DIR)/Pods-DiffTableDirector_Example-checkManifestLockResult.txt",
			);
			runOnlyForDeploymentPostprocessing = 0;
			shellPath = /bin/sh;
			shellScript = "diff \"${PODS_PODFILE_DIR_PATH}/Podfile.lock\" \"${PODS_ROOT}/Manifest.lock\" > /dev/null\nif [ $? != 0 ] ; then\n    # print error to STDERR\n    echo \"error: The sandbox is not in sync with the Podfile.lock. Run 'pod install' or update your CocoaPods installation.\" >&2\n    exit 1\nfi\n# This output is used by Xcode 'outputs' to avoid re-running this script phase.\necho \"SUCCESS\" > \"${SCRIPT_OUTPUT_FILE_0}\"\n";
			showEnvVarsInLog = 0;
		};
/* End PBXShellScriptBuildPhase section */

/* Begin PBXSourcesBuildPhase section */
		E223CA01249CD70C00463256 /* Sources */ = {
			isa = PBXSourcesBuildPhase;
			buildActionMask = 2147483647;
			files = (
				E223CA36249CD78600463256 /* InfoViewModel.swift in Sources */,
				E223CA30249CD77700463256 /* FeedCell.swift in Sources */,
				E223CA3E249CD78D00463256 /* ButtonCornerRadiusable.swift in Sources */,
				E2FFDF8E24BB005200CF021F /* BottomPaginationController.swift in Sources */,
				E223CA40249CD78D00463256 /* CodeViewController.swift in Sources */,
				E223CA2E249CD77700463256 /* FeedViewModel.swift in Sources */,
				E2FFDF9424BB03CD00CF021F /* DiffViewController.swift in Sources */,
				E223CA2F249CD77700463256 /* FeedModel.swift in Sources */,
				E223CA2A249CD77700463256 /* RecoverableButton.swift in Sources */,
				E2FFDF9724BB06E000CF021F /* SelectFeatureViewController.swift in Sources */,
				E223CA27249CD77700463256 /* StoryboardViewController.swift in Sources */,
				E223CA2D249CD77700463256 /* TouchUpButton.swift in Sources */,
				E2FFDF9024BB026100CF021F /* PullToRefreshController.swift in Sources */,
				E223CA2B249CD77700463256 /* TitleHeaderFooterView.swift in Sources */,
				E2FFDF9224BB02C200CF021F /* CoverViewController.swift in Sources */,
				E223CA31249CD77700463256 /* ErrorView.swift in Sources */,
				E223CA35249CD78600463256 /* InfoModel.swift in Sources */,
				E223CA37249CD78600463256 /* InfoCell.swift in Sources */,
				E223CA43249CD79100463256 /* AppDelegate.swift in Sources */,
				E223CA41249CD78D00463256 /* CellPressable.swift in Sources */,
				E222486824BE59E50025BA12 /* DropShadowViewController.swift in Sources */,
			);
			runOnlyForDeploymentPostprocessing = 0;
		};
/* End PBXSourcesBuildPhase section */

/* Begin PBXVariantGroup section */
		E223CA44249CD79700463256 /* LaunchScreen.xib */ = {
			isa = PBXVariantGroup;
			children = (
				E223CA45249CD79700463256 /* Base */,
			);
			name = LaunchScreen.xib;
			sourceTree = "<group>";
		};
		E223CA4A249CD91B00463256 /* Main.storyboard */ = {
			isa = PBXVariantGroup;
			children = (
				E223CA4B249CD91B00463256 /* Base */,
			);
			name = Main.storyboard;
			sourceTree = "<group>";
		};
/* End PBXVariantGroup section */

/* Begin XCBuildConfiguration section */
		E223CA17249CD70F00463256 /* Debug */ = {
			isa = XCBuildConfiguration;
			buildSettings = {
				ALWAYS_SEARCH_USER_PATHS = NO;
				CLANG_ANALYZER_NONNULL = YES;
				CLANG_ANALYZER_NUMBER_OBJECT_CONVERSION = YES_AGGRESSIVE;
				CLANG_CXX_LANGUAGE_STANDARD = "gnu++14";
				CLANG_CXX_LIBRARY = "libc++";
				CLANG_ENABLE_MODULES = YES;
				CLANG_ENABLE_OBJC_ARC = YES;
				CLANG_ENABLE_OBJC_WEAK = YES;
				CLANG_WARN_BLOCK_CAPTURE_AUTORELEASING = YES;
				CLANG_WARN_BOOL_CONVERSION = YES;
				CLANG_WARN_COMMA = YES;
				CLANG_WARN_CONSTANT_CONVERSION = YES;
				CLANG_WARN_DEPRECATED_OBJC_IMPLEMENTATIONS = YES;
				CLANG_WARN_DIRECT_OBJC_ISA_USAGE = YES_ERROR;
				CLANG_WARN_DOCUMENTATION_COMMENTS = YES;
				CLANG_WARN_EMPTY_BODY = YES;
				CLANG_WARN_ENUM_CONVERSION = YES;
				CLANG_WARN_INFINITE_RECURSION = YES;
				CLANG_WARN_INT_CONVERSION = YES;
				CLANG_WARN_NON_LITERAL_NULL_CONVERSION = YES;
				CLANG_WARN_OBJC_IMPLICIT_RETAIN_SELF = YES;
				CLANG_WARN_OBJC_LITERAL_CONVERSION = YES;
				CLANG_WARN_OBJC_ROOT_CLASS = YES_ERROR;
				CLANG_WARN_RANGE_LOOP_ANALYSIS = YES;
				CLANG_WARN_STRICT_PROTOTYPES = YES;
				CLANG_WARN_SUSPICIOUS_MOVE = YES;
				CLANG_WARN_UNGUARDED_AVAILABILITY = YES_AGGRESSIVE;
				CLANG_WARN_UNREACHABLE_CODE = YES;
				CLANG_WARN__DUPLICATE_METHOD_MATCH = YES;
				COPY_PHASE_STRIP = NO;
				DEBUG_INFORMATION_FORMAT = dwarf;
				ENABLE_STRICT_OBJC_MSGSEND = YES;
				ENABLE_TESTABILITY = YES;
				GCC_C_LANGUAGE_STANDARD = gnu11;
				GCC_DYNAMIC_NO_PIC = NO;
				GCC_NO_COMMON_BLOCKS = YES;
				GCC_OPTIMIZATION_LEVEL = 0;
				GCC_PREPROCESSOR_DEFINITIONS = (
					"DEBUG=1",
					"$(inherited)",
				);
				GCC_WARN_64_TO_32_BIT_CONVERSION = YES;
				GCC_WARN_ABOUT_RETURN_TYPE = YES_ERROR;
				GCC_WARN_UNDECLARED_SELECTOR = YES;
				GCC_WARN_UNINITIALIZED_AUTOS = YES_AGGRESSIVE;
				GCC_WARN_UNUSED_FUNCTION = YES;
				GCC_WARN_UNUSED_VARIABLE = YES;
				IPHONEOS_DEPLOYMENT_TARGET = 13.5;
				MTL_ENABLE_DEBUG_INFO = INCLUDE_SOURCE;
				MTL_FAST_MATH = YES;
				ONLY_ACTIVE_ARCH = YES;
				SDKROOT = iphoneos;
				SWIFT_ACTIVE_COMPILATION_CONDITIONS = DEBUG;
				SWIFT_OPTIMIZATION_LEVEL = "-Onone";
			};
			name = Debug;
		};
		E223CA18249CD70F00463256 /* Release */ = {
			isa = XCBuildConfiguration;
			buildSettings = {
				ALWAYS_SEARCH_USER_PATHS = NO;
				CLANG_ANALYZER_NONNULL = YES;
				CLANG_ANALYZER_NUMBER_OBJECT_CONVERSION = YES_AGGRESSIVE;
				CLANG_CXX_LANGUAGE_STANDARD = "gnu++14";
				CLANG_CXX_LIBRARY = "libc++";
				CLANG_ENABLE_MODULES = YES;
				CLANG_ENABLE_OBJC_ARC = YES;
				CLANG_ENABLE_OBJC_WEAK = YES;
				CLANG_WARN_BLOCK_CAPTURE_AUTORELEASING = YES;
				CLANG_WARN_BOOL_CONVERSION = YES;
				CLANG_WARN_COMMA = YES;
				CLANG_WARN_CONSTANT_CONVERSION = YES;
				CLANG_WARN_DEPRECATED_OBJC_IMPLEMENTATIONS = YES;
				CLANG_WARN_DIRECT_OBJC_ISA_USAGE = YES_ERROR;
				CLANG_WARN_DOCUMENTATION_COMMENTS = YES;
				CLANG_WARN_EMPTY_BODY = YES;
				CLANG_WARN_ENUM_CONVERSION = YES;
				CLANG_WARN_INFINITE_RECURSION = YES;
				CLANG_WARN_INT_CONVERSION = YES;
				CLANG_WARN_NON_LITERAL_NULL_CONVERSION = YES;
				CLANG_WARN_OBJC_IMPLICIT_RETAIN_SELF = YES;
				CLANG_WARN_OBJC_LITERAL_CONVERSION = YES;
				CLANG_WARN_OBJC_ROOT_CLASS = YES_ERROR;
				CLANG_WARN_RANGE_LOOP_ANALYSIS = YES;
				CLANG_WARN_STRICT_PROTOTYPES = YES;
				CLANG_WARN_SUSPICIOUS_MOVE = YES;
				CLANG_WARN_UNGUARDED_AVAILABILITY = YES_AGGRESSIVE;
				CLANG_WARN_UNREACHABLE_CODE = YES;
				CLANG_WARN__DUPLICATE_METHOD_MATCH = YES;
				COPY_PHASE_STRIP = NO;
				DEBUG_INFORMATION_FORMAT = "dwarf-with-dsym";
				ENABLE_NS_ASSERTIONS = NO;
				ENABLE_STRICT_OBJC_MSGSEND = YES;
				GCC_C_LANGUAGE_STANDARD = gnu11;
				GCC_NO_COMMON_BLOCKS = YES;
				GCC_WARN_64_TO_32_BIT_CONVERSION = YES;
				GCC_WARN_ABOUT_RETURN_TYPE = YES_ERROR;
				GCC_WARN_UNDECLARED_SELECTOR = YES;
				GCC_WARN_UNINITIALIZED_AUTOS = YES_AGGRESSIVE;
				GCC_WARN_UNUSED_FUNCTION = YES;
				GCC_WARN_UNUSED_VARIABLE = YES;
				IPHONEOS_DEPLOYMENT_TARGET = 13.5;
				MTL_ENABLE_DEBUG_INFO = NO;
				MTL_FAST_MATH = YES;
				SDKROOT = iphoneos;
				SWIFT_COMPILATION_MODE = wholemodule;
				SWIFT_OPTIMIZATION_LEVEL = "-O";
				VALIDATE_PRODUCT = YES;
			};
			name = Release;
		};
		E223CA1A249CD70F00463256 /* Debug */ = {
			isa = XCBuildConfiguration;
			baseConfigurationReference = DADC30F3EEDB105DAD3C1171 /* Pods-DiffTableDirector_Example.debug.xcconfig */;
			buildSettings = {
				ASSETCATALOG_COMPILER_APPICON_NAME = AppIcon;
				CLANG_ENABLE_MODULES = YES;
				CODE_SIGN_STYLE = Automatic;
				DEVELOPMENT_TEAM = 465XR8893T;
				INFOPLIST_FILE = DiffTableDirector_Example/Info.plist;
				LD_RUNPATH_SEARCH_PATHS = (
					"$(inherited)",
					"@executable_path/Frameworks",
				);
				MARKETING_VERSION = 1.0.2;
				PRODUCT_BUNDLE_IDENTIFIER = "MC.DiffTableDirector-Example";
				PRODUCT_NAME = "$(TARGET_NAME)";
				SWIFT_OPTIMIZATION_LEVEL = "-Onone";
				SWIFT_VERSION = 5.0;
				TARGETED_DEVICE_FAMILY = "1,2";
			};
			name = Debug;
		};
		E223CA1B249CD70F00463256 /* Release */ = {
			isa = XCBuildConfiguration;
			baseConfigurationReference = B637C752C9DDEE745B261F48 /* Pods-DiffTableDirector_Example.release.xcconfig */;
			buildSettings = {
				ASSETCATALOG_COMPILER_APPICON_NAME = AppIcon;
				CLANG_ENABLE_MODULES = YES;
				CODE_SIGN_STYLE = Automatic;
				DEVELOPMENT_TEAM = 465XR8893T;
				INFOPLIST_FILE = DiffTableDirector_Example/Info.plist;
				LD_RUNPATH_SEARCH_PATHS = (
					"$(inherited)",
					"@executable_path/Frameworks",
				);
				MARKETING_VERSION = 1.0.2;
				PRODUCT_BUNDLE_IDENTIFIER = "MC.DiffTableDirector-Example";
				PRODUCT_NAME = "$(TARGET_NAME)";
				SWIFT_VERSION = 5.0;
				TARGETED_DEVICE_FAMILY = "1,2";
			};
			name = Release;
		};
/* End XCBuildConfiguration section */

/* Begin XCConfigurationList section */
		E223CA00249CD70C00463256 /* Build configuration list for PBXProject "DiffTableDirector_Example" */ = {
			isa = XCConfigurationList;
			buildConfigurations = (
				E223CA17249CD70F00463256 /* Debug */,
				E223CA18249CD70F00463256 /* Release */,
			);
			defaultConfigurationIsVisible = 0;
			defaultConfigurationName = Release;
		};
		E223CA19249CD70F00463256 /* Build configuration list for PBXNativeTarget "DiffTableDirector_Example" */ = {
			isa = XCConfigurationList;
			buildConfigurations = (
				E223CA1A249CD70F00463256 /* Debug */,
				E223CA1B249CD70F00463256 /* Release */,
			);
			defaultConfigurationIsVisible = 0;
			defaultConfigurationName = Release;
		};
/* End XCConfigurationList section */
	};
	rootObject = E223C9FD249CD70C00463256 /* Project object */;
}
